
Microsoft Visual Studio Solution File, Format Version 12.00
# Visual Studio 15
VisualStudioVersion = 15.0.27703.2026
MinimumVisualStudioVersion = 10.0.40219.1
Project("{FAE04EC0-301F-11D3-BF4B-00C04F79EFBC}") = "PracticaLista", "PracticaLista\PracticaLista.csproj", "{91AFA08A-A171-4DE5-A39F-0F58C4F1B89D}"
EndProject
Global
	GlobalSection(SolutionConfigurationPlatforms) = preSolution
		Debug|Any CPU = Debug|Any CPU
		Release|Any CPU = Release|Any CPU
	EndGlobalSection
	GlobalSection(ProjectConfigurationPlatforms) = postSolution
		{91AFA08A-A171-4DE5-A39F-0F58C4F1B89D}.Debug|Any CPU.ActiveCfg = Debug|Any CPU
		{91AFA08A-A171-4DE5-A39F-0F58C4F1B89D}.Debug|Any CPU.Build.0 = Debug|Any CPU
		{91AFA08A-A171-4DE5-A39F-0F58C4F1B89D}.Release|Any CPU.ActiveCfg = Release|Any CPU
		{91AFA08A-A171-4DE5-A39F-0F58C4F1B89D}.Release|Any CPU.Build.0 = Release|Any CPU
	EndGlobalSection
	GlobalSection(SolutionProperties) = preSolution
		HideSolutionNode = FALSE
	EndGlobalSection
	GlobalSection(ExtensibilityGlobals) = postSolution
		SolutionGuid = {39E9794F-642F-4170-AD13-0A55310E4B4C}
	EndGlobalSection
EndGlobal
